// !$*UTF8*$!
{
	archiveVersion = 1;
	classes = {
	};
	objectVersion = 56;
	objects = {

/* Begin PBXBuildFile section */
		2A2C9AA82A5C614C0021DD33 /* AppDelegate.swift in Sources */ = {isa = PBXBuildFile; fileRef = 2A2C9AA72A5C614C0021DD33 /* AppDelegate.swift */; };
		2A2C9AAA2A5C614C0021DD33 /* SceneDelegate.swift in Sources */ = {isa = PBXBuildFile; fileRef = 2A2C9AA92A5C614C0021DD33 /* SceneDelegate.swift */; };
		2A2C9AAC2A5C614C0021DD33 /* ViewController.swift in Sources */ = {isa = PBXBuildFile; fileRef = 2A2C9AAB2A5C614C0021DD33 /* ViewController.swift */; };
		2A2C9AAF2A5C614C0021DD33 /* Main.storyboard in Resources */ = {isa = PBXBuildFile; fileRef = 2A2C9AAD2A5C614C0021DD33 /* Main.storyboard */; };
		2A2C9AB22A5C614C0021DD33 /* CustomKeyboard.xcdatamodeld in Sources */ = {isa = PBXBuildFile; fileRef = 2A2C9AB02A5C614C0021DD33 /* CustomKeyboard.xcdatamodeld */; };
		2A2C9AB42A5C614D0021DD33 /* Assets.xcassets in Resources */ = {isa = PBXBuildFile; fileRef = 2A2C9AB32A5C614D0021DD33 /* Assets.xcassets */; };
		2A2C9AB72A5C614D0021DD33 /* LaunchScreen.storyboard in Resources */ = {isa = PBXBuildFile; fileRef = 2A2C9AB52A5C614D0021DD33 /* LaunchScreen.storyboard */; };
		2A2C9AC22A5C614D0021DD33 /* CustomKeyboardTests.swift in Sources */ = {isa = PBXBuildFile; fileRef = 2A2C9AC12A5C614D0021DD33 /* CustomKeyboardTests.swift */; };
		2A2C9ACC2A5C614D0021DD33 /* CustomKeyboardUITests.swift in Sources */ = {isa = PBXBuildFile; fileRef = 2A2C9ACB2A5C614D0021DD33 /* CustomKeyboardUITests.swift */; };
		2A2C9ACE2A5C614D0021DD33 /* CustomKeyboardUITestsLaunchTests.swift in Sources */ = {isa = PBXBuildFile; fileRef = 2A2C9ACD2A5C614D0021DD33 /* CustomKeyboardUITestsLaunchTests.swift */; };
		2A2C9AE22A5C61730021DD33 /* KeyboardViewController.swift in Sources */ = {isa = PBXBuildFile; fileRef = 2A2C9AE12A5C61730021DD33 /* KeyboardViewController.swift */; };
		2A2C9AE62A5C61730021DD33 /* KoreanKeyboard.appex in Embed Foundation Extensions */ = {isa = PBXBuildFile; fileRef = 2A2C9ADF2A5C61730021DD33 /* KoreanKeyboard.appex */; settings = {ATTRIBUTES = (RemoveHeadersOnCopy, ); }; };
		2A2C9AED2A5C618A0021DD33 /* KeyModel.swift in Sources */ = {isa = PBXBuildFile; fileRef = 2A2C9AEC2A5C618A0021DD33 /* KeyModel.swift */; };
		2A2C9AF02A5C61D60021DD33 /* KeyboardView.swift in Sources */ = {isa = PBXBuildFile; fileRef = 2A2C9AEF2A5C61D60021DD33 /* KeyboardView.swift */; };
		2A2C9B502A5E67540021DD33 /* Size.swift in Sources */ = {isa = PBXBuildFile; fileRef = 2A2C9B4F2A5E67540021DD33 /* Size.swift */; };
		2A2C9B532A5EA7D90021DD33 /* KeyButton.swift in Sources */ = {isa = PBXBuildFile; fileRef = 2A2C9B522A5EA7D90021DD33 /* KeyButton.swift */; };
		2A2C9B552A603CD60021DD33 /* PaddingView.swift in Sources */ = {isa = PBXBuildFile; fileRef = 2A2C9B542A603CD60021DD33 /* PaddingView.swift */; };
		2A2C9B5A2A6075E20021DD33 /* ToolbarView.swift in Sources */ = {isa = PBXBuildFile; fileRef = 2A2C9B592A6075E20021DD33 /* ToolbarView.swift */; };
		2A2C9B5C2A607A9B0021DD33 /* FrequentlyUsedPhrasesButton.swift in Sources */ = {isa = PBXBuildFile; fileRef = 2A2C9B5B2A607A9B0021DD33 /* FrequentlyUsedPhrasesButton.swift */; };
		2A2C9B5E2A607E2A0021DD33 /* FrequentlyUsedPhrasesView.swift in Sources */ = {isa = PBXBuildFile; fileRef = 2A2C9B5D2A607E2A0021DD33 /* FrequentlyUsedPhrasesView.swift */; };
/* End PBXBuildFile section */

/* Begin PBXContainerItemProxy section */
		2A2C9ABE2A5C614D0021DD33 /* PBXContainerItemProxy */ = {
			isa = PBXContainerItemProxy;
			containerPortal = 2A2C9A9C2A5C614C0021DD33 /* Project object */;
			proxyType = 1;
			remoteGlobalIDString = 2A2C9AA32A5C614C0021DD33;
			remoteInfo = CustomKeyboard;
		};
		2A2C9AC82A5C614D0021DD33 /* PBXContainerItemProxy */ = {
			isa = PBXContainerItemProxy;
			containerPortal = 2A2C9A9C2A5C614C0021DD33 /* Project object */;
			proxyType = 1;
			remoteGlobalIDString = 2A2C9AA32A5C614C0021DD33;
			remoteInfo = CustomKeyboard;
		};
		2A2C9AE42A5C61730021DD33 /* PBXContainerItemProxy */ = {
			isa = PBXContainerItemProxy;
			containerPortal = 2A2C9A9C2A5C614C0021DD33 /* Project object */;
			proxyType = 1;
			remoteGlobalIDString = 2A2C9ADE2A5C61730021DD33;
			remoteInfo = KoreanKeyboard;
		};
/* End PBXContainerItemProxy section */

/* Begin PBXCopyFilesBuildPhase section */
		2A2C9AEA2A5C61730021DD33 /* Embed Foundation Extensions */ = {
			isa = PBXCopyFilesBuildPhase;
			buildActionMask = 2147483647;
			dstPath = "";
			dstSubfolderSpec = 13;
			files = (
				2A2C9AE62A5C61730021DD33 /* KoreanKeyboard.appex in Embed Foundation Extensions */,
			);
			name = "Embed Foundation Extensions";
			runOnlyForDeploymentPostprocessing = 0;
		};
/* End PBXCopyFilesBuildPhase section */

/* Begin PBXFileReference section */
		2A2C9AA42A5C614C0021DD33 /* CustomKeyboard.app */ = {isa = PBXFileReference; explicitFileType = wrapper.application; includeInIndex = 0; path = CustomKeyboard.app; sourceTree = BUILT_PRODUCTS_DIR; };
		2A2C9AA72A5C614C0021DD33 /* AppDelegate.swift */ = {isa = PBXFileReference; lastKnownFileType = sourcecode.swift; path = AppDelegate.swift; sourceTree = "<group>"; };
		2A2C9AA92A5C614C0021DD33 /* SceneDelegate.swift */ = {isa = PBXFileReference; lastKnownFileType = sourcecode.swift; path = SceneDelegate.swift; sourceTree = "<group>"; };
		2A2C9AAB2A5C614C0021DD33 /* ViewController.swift */ = {isa = PBXFileReference; lastKnownFileType = sourcecode.swift; path = ViewController.swift; sourceTree = "<group>"; };
		2A2C9AAE2A5C614C0021DD33 /* Base */ = {isa = PBXFileReference; lastKnownFileType = file.storyboard; name = Base; path = Base.lproj/Main.storyboard; sourceTree = "<group>"; };
		2A2C9AB12A5C614C0021DD33 /* CustomKeyboard.xcdatamodel */ = {isa = PBXFileReference; lastKnownFileType = wrapper.xcdatamodel; path = CustomKeyboard.xcdatamodel; sourceTree = "<group>"; };
		2A2C9AB32A5C614D0021DD33 /* Assets.xcassets */ = {isa = PBXFileReference; lastKnownFileType = folder.assetcatalog; path = Assets.xcassets; sourceTree = "<group>"; };
		2A2C9AB62A5C614D0021DD33 /* Base */ = {isa = PBXFileReference; lastKnownFileType = file.storyboard; name = Base; path = Base.lproj/LaunchScreen.storyboard; sourceTree = "<group>"; };
		2A2C9AB82A5C614D0021DD33 /* Info.plist */ = {isa = PBXFileReference; lastKnownFileType = text.plist.xml; path = Info.plist; sourceTree = "<group>"; };
		2A2C9ABD2A5C614D0021DD33 /* CustomKeyboardTests.xctest */ = {isa = PBXFileReference; explicitFileType = wrapper.cfbundle; includeInIndex = 0; path = CustomKeyboardTests.xctest; sourceTree = BUILT_PRODUCTS_DIR; };
		2A2C9AC12A5C614D0021DD33 /* CustomKeyboardTests.swift */ = {isa = PBXFileReference; lastKnownFileType = sourcecode.swift; path = CustomKeyboardTests.swift; sourceTree = "<group>"; };
		2A2C9AC72A5C614D0021DD33 /* CustomKeyboardUITests.xctest */ = {isa = PBXFileReference; explicitFileType = wrapper.cfbundle; includeInIndex = 0; path = CustomKeyboardUITests.xctest; sourceTree = BUILT_PRODUCTS_DIR; };
		2A2C9ACB2A5C614D0021DD33 /* CustomKeyboardUITests.swift */ = {isa = PBXFileReference; lastKnownFileType = sourcecode.swift; path = CustomKeyboardUITests.swift; sourceTree = "<group>"; };
		2A2C9ACD2A5C614D0021DD33 /* CustomKeyboardUITestsLaunchTests.swift */ = {isa = PBXFileReference; lastKnownFileType = sourcecode.swift; path = CustomKeyboardUITestsLaunchTests.swift; sourceTree = "<group>"; };
		2A2C9ADF2A5C61730021DD33 /* KoreanKeyboard.appex */ = {isa = PBXFileReference; explicitFileType = "wrapper.app-extension"; includeInIndex = 0; path = KoreanKeyboard.appex; sourceTree = BUILT_PRODUCTS_DIR; };
		2A2C9AE12A5C61730021DD33 /* KeyboardViewController.swift */ = {isa = PBXFileReference; lastKnownFileType = sourcecode.swift; path = KeyboardViewController.swift; sourceTree = "<group>"; };
		2A2C9AE32A5C61730021DD33 /* Info.plist */ = {isa = PBXFileReference; lastKnownFileType = text.plist.xml; path = Info.plist; sourceTree = "<group>"; };
		2A2C9AEC2A5C618A0021DD33 /* KeyModel.swift */ = {isa = PBXFileReference; lastKnownFileType = sourcecode.swift; path = KeyModel.swift; sourceTree = "<group>"; };
		2A2C9AEF2A5C61D60021DD33 /* KeyboardView.swift */ = {isa = PBXFileReference; lastKnownFileType = sourcecode.swift; path = KeyboardView.swift; sourceTree = "<group>"; };
		2A2C9B4F2A5E67540021DD33 /* Size.swift */ = {isa = PBXFileReference; lastKnownFileType = sourcecode.swift; path = Size.swift; sourceTree = "<group>"; };
		2A2C9B522A5EA7D90021DD33 /* KeyButton.swift */ = {isa = PBXFileReference; lastKnownFileType = sourcecode.swift; path = KeyButton.swift; sourceTree = "<group>"; };
		2A2C9B542A603CD60021DD33 /* PaddingView.swift */ = {isa = PBXFileReference; lastKnownFileType = sourcecode.swift; path = PaddingView.swift; sourceTree = "<group>"; };
		2A2C9B592A6075E20021DD33 /* ToolbarView.swift */ = {isa = PBXFileReference; lastKnownFileType = sourcecode.swift; path = ToolbarView.swift; sourceTree = "<group>"; };
		2A2C9B5B2A607A9B0021DD33 /* FrequentlyUsedPhrasesButton.swift */ = {isa = PBXFileReference; lastKnownFileType = sourcecode.swift; path = FrequentlyUsedPhrasesButton.swift; sourceTree = "<group>"; };
		2A2C9B5D2A607E2A0021DD33 /* FrequentlyUsedPhrasesView.swift */ = {isa = PBXFileReference; lastKnownFileType = sourcecode.swift; path = FrequentlyUsedPhrasesView.swift; sourceTree = "<group>"; };
/* End PBXFileReference section */

/* Begin PBXFrameworksBuildPhase section */
		2A2C9AA12A5C614C0021DD33 /* Frameworks */ = {
			isa = PBXFrameworksBuildPhase;
			buildActionMask = 2147483647;
			files = (
			);
			runOnlyForDeploymentPostprocessing = 0;
		};
		2A2C9ABA2A5C614D0021DD33 /* Frameworks */ = {
			isa = PBXFrameworksBuildPhase;
			buildActionMask = 2147483647;
			files = (
			);
			runOnlyForDeploymentPostprocessing = 0;
		};
		2A2C9AC42A5C614D0021DD33 /* Frameworks */ = {
			isa = PBXFrameworksBuildPhase;
			buildActionMask = 2147483647;
			files = (
			);
			runOnlyForDeploymentPostprocessing = 0;
		};
		2A2C9ADC2A5C61730021DD33 /* Frameworks */ = {
			isa = PBXFrameworksBuildPhase;
			buildActionMask = 2147483647;
			files = (
			);
			runOnlyForDeploymentPostprocessing = 0;
		};
/* End PBXFrameworksBuildPhase section */

/* Begin PBXGroup section */
		2A2C9A9B2A5C614C0021DD33 = {
			isa = PBXGroup;
			children = (
				2A2C9AA62A5C614C0021DD33 /* CustomKeyboard */,
				2A2C9AC02A5C614D0021DD33 /* CustomKeyboardTests */,
				2A2C9ACA2A5C614D0021DD33 /* CustomKeyboardUITests */,
				2A2C9AE02A5C61730021DD33 /* KoreanKeyboard */,
				2A2C9AA52A5C614C0021DD33 /* Products */,
			);
			sourceTree = "<group>";
		};
		2A2C9AA52A5C614C0021DD33 /* Products */ = {
			isa = PBXGroup;
			children = (
				2A2C9AA42A5C614C0021DD33 /* CustomKeyboard.app */,
				2A2C9ABD2A5C614D0021DD33 /* CustomKeyboardTests.xctest */,
				2A2C9AC72A5C614D0021DD33 /* CustomKeyboardUITests.xctest */,
				2A2C9ADF2A5C61730021DD33 /* KoreanKeyboard.appex */,
			);
			name = Products;
			sourceTree = "<group>";
		};
		2A2C9AA62A5C614C0021DD33 /* CustomKeyboard */ = {
			isa = PBXGroup;
			children = (
				2A2C9ADA2A5C61520021DD33 /* Application */,
				2A2C9AAB2A5C614C0021DD33 /* ViewController.swift */,
				2A2C9AAD2A5C614C0021DD33 /* Main.storyboard */,
				2A2C9AB32A5C614D0021DD33 /* Assets.xcassets */,
				2A2C9AB52A5C614D0021DD33 /* LaunchScreen.storyboard */,
				2A2C9AB82A5C614D0021DD33 /* Info.plist */,
				2A2C9AB02A5C614C0021DD33 /* CustomKeyboard.xcdatamodeld */,
			);
			path = CustomKeyboard;
			sourceTree = "<group>";
		};
		2A2C9AC02A5C614D0021DD33 /* CustomKeyboardTests */ = {
			isa = PBXGroup;
			children = (
				2A2C9AC12A5C614D0021DD33 /* CustomKeyboardTests.swift */,
			);
			path = CustomKeyboardTests;
			sourceTree = "<group>";
		};
		2A2C9ACA2A5C614D0021DD33 /* CustomKeyboardUITests */ = {
			isa = PBXGroup;
			children = (
				2A2C9ACB2A5C614D0021DD33 /* CustomKeyboardUITests.swift */,
				2A2C9ACD2A5C614D0021DD33 /* CustomKeyboardUITestsLaunchTests.swift */,
			);
			path = CustomKeyboardUITests;
			sourceTree = "<group>";
		};
		2A2C9ADA2A5C61520021DD33 /* Application */ = {
			isa = PBXGroup;
			children = (
				2A2C9AA72A5C614C0021DD33 /* AppDelegate.swift */,
				2A2C9AA92A5C614C0021DD33 /* SceneDelegate.swift */,
			);
			path = Application;
			sourceTree = "<group>";
		};
		2A2C9AE02A5C61730021DD33 /* KoreanKeyboard */ = {
			isa = PBXGroup;
			children = (
				2A2C9B4E2A5E66C50021DD33 /* Literal */,
				2A2C9AF12A5C61E70021DD33 /* Controller */,
				2A2C9AEE2A5C61BF0021DD33 /* View */,
				2A2C9AEB2A5C617D0021DD33 /* Model */,
				2A2C9AE32A5C61730021DD33 /* Info.plist */,
			);
			path = KoreanKeyboard;
			sourceTree = "<group>";
		};
		2A2C9AEB2A5C617D0021DD33 /* Model */ = {
			isa = PBXGroup;
			children = (
				2A2C9AEC2A5C618A0021DD33 /* KeyModel.swift */,
			);
			path = Model;
			sourceTree = "<group>";
		};
		2A2C9AEE2A5C61BF0021DD33 /* View */ = {
			isa = PBXGroup;
			children = (
				2A2C9B572A6075B30021DD33 /* FrequentlyUsedPhrasesView */,
				2A2C9B562A6075A60021DD33 /* KeyboardView */,
			);
			path = View;
			sourceTree = "<group>";
		};
		2A2C9AF12A5C61E70021DD33 /* Controller */ = {
			isa = PBXGroup;
			children = (
				2A2C9AE12A5C61730021DD33 /* KeyboardViewController.swift */,
			);
			path = Controller;
			sourceTree = "<group>";
		};
		2A2C9B4E2A5E66C50021DD33 /* Literal */ = {
			isa = PBXGroup;
			children = (
				2A2C9B4F2A5E67540021DD33 /* Size.swift */,
			);
			path = Literal;
			sourceTree = "<group>";
		};
		2A2C9B512A5EA7890021DD33 /* Components */ = {
			isa = PBXGroup;
			children = (
				2A2C9B522A5EA7D90021DD33 /* KeyButton.swift */,
				2A2C9B542A603CD60021DD33 /* PaddingView.swift */,
			);
			path = Components;
			sourceTree = "<group>";
		};
		2A2C9B562A6075A60021DD33 /* KeyboardView */ = {
			isa = PBXGroup;
			children = (
				2A2C9B512A5EA7890021DD33 /* Components */,
				2A2C9AEF2A5C61D60021DD33 /* KeyboardView.swift */,
			);
			path = KeyboardView;
			sourceTree = "<group>";
		};
		2A2C9B572A6075B30021DD33 /* FrequentlyUsedPhrasesView */ = {
			isa = PBXGroup;
			children = (
				2A2C9B582A6075C50021DD33 /* Components */,
				2A2C9B5D2A607E2A0021DD33 /* FrequentlyUsedPhrasesView.swift */,
			);
			path = FrequentlyUsedPhrasesView;
			sourceTree = "<group>";
		};
		2A2C9B582A6075C50021DD33 /* Components */ = {
			isa = PBXGroup;
			children = (
				2A2C9B592A6075E20021DD33 /* ToolbarView.swift */,
				2A2C9B5B2A607A9B0021DD33 /* FrequentlyUsedPhrasesButton.swift */,
			);
			path = Components;
			sourceTree = "<group>";
		};
/* End PBXGroup section */

/* Begin PBXNativeTarget section */
		2A2C9AA32A5C614C0021DD33 /* CustomKeyboard */ = {
			isa = PBXNativeTarget;
			buildConfigurationList = 2A2C9AD12A5C614D0021DD33 /* Build configuration list for PBXNativeTarget "CustomKeyboard" */;
			buildPhases = (
				2A2C9AA02A5C614C0021DD33 /* Sources */,
				2A2C9AA12A5C614C0021DD33 /* Frameworks */,
				2A2C9AA22A5C614C0021DD33 /* Resources */,
				2A2C9AEA2A5C61730021DD33 /* Embed Foundation Extensions */,
			);
			buildRules = (
			);
			dependencies = (
				2A2C9AE52A5C61730021DD33 /* PBXTargetDependency */,
			);
			name = CustomKeyboard;
			productName = CustomKeyboard;
			productReference = 2A2C9AA42A5C614C0021DD33 /* CustomKeyboard.app */;
			productType = "com.apple.product-type.application";
		};
		2A2C9ABC2A5C614D0021DD33 /* CustomKeyboardTests */ = {
			isa = PBXNativeTarget;
			buildConfigurationList = 2A2C9AD42A5C614D0021DD33 /* Build configuration list for PBXNativeTarget "CustomKeyboardTests" */;
			buildPhases = (
				2A2C9AB92A5C614D0021DD33 /* Sources */,
				2A2C9ABA2A5C614D0021DD33 /* Frameworks */,
				2A2C9ABB2A5C614D0021DD33 /* Resources */,
			);
			buildRules = (
			);
			dependencies = (
				2A2C9ABF2A5C614D0021DD33 /* PBXTargetDependency */,
			);
			name = CustomKeyboardTests;
			productName = CustomKeyboardTests;
			productReference = 2A2C9ABD2A5C614D0021DD33 /* CustomKeyboardTests.xctest */;
			productType = "com.apple.product-type.bundle.unit-test";
		};
		2A2C9AC62A5C614D0021DD33 /* CustomKeyboardUITests */ = {
			isa = PBXNativeTarget;
			buildConfigurationList = 2A2C9AD72A5C614D0021DD33 /* Build configuration list for PBXNativeTarget "CustomKeyboardUITests" */;
			buildPhases = (
				2A2C9AC32A5C614D0021DD33 /* Sources */,
				2A2C9AC42A5C614D0021DD33 /* Frameworks */,
				2A2C9AC52A5C614D0021DD33 /* Resources */,
			);
			buildRules = (
			);
			dependencies = (
				2A2C9AC92A5C614D0021DD33 /* PBXTargetDependency */,
			);
			name = CustomKeyboardUITests;
			productName = CustomKeyboardUITests;
			productReference = 2A2C9AC72A5C614D0021DD33 /* CustomKeyboardUITests.xctest */;
			productType = "com.apple.product-type.bundle.ui-testing";
		};
		2A2C9ADE2A5C61730021DD33 /* KoreanKeyboard */ = {
			isa = PBXNativeTarget;
			buildConfigurationList = 2A2C9AE72A5C61730021DD33 /* Build configuration list for PBXNativeTarget "KoreanKeyboard" */;
			buildPhases = (
				2A2C9ADB2A5C61730021DD33 /* Sources */,
				2A2C9ADC2A5C61730021DD33 /* Frameworks */,
				2A2C9ADD2A5C61730021DD33 /* Resources */,
			);
			buildRules = (
			);
			dependencies = (
			);
			name = KoreanKeyboard;
			productName = KoreanKeyboard;
			productReference = 2A2C9ADF2A5C61730021DD33 /* KoreanKeyboard.appex */;
			productType = "com.apple.product-type.app-extension";
		};
/* End PBXNativeTarget section */

/* Begin PBXProject section */
		2A2C9A9C2A5C614C0021DD33 /* Project object */ = {
			isa = PBXProject;
			attributes = {
				BuildIndependentTargetsInParallel = 1;
				LastSwiftUpdateCheck = 1410;
				LastUpgradeCheck = 1410;
				TargetAttributes = {
					2A2C9AA32A5C614C0021DD33 = {
						CreatedOnToolsVersion = 14.1;
					};
					2A2C9ABC2A5C614D0021DD33 = {
						CreatedOnToolsVersion = 14.1;
						TestTargetID = 2A2C9AA32A5C614C0021DD33;
					};
					2A2C9AC62A5C614D0021DD33 = {
						CreatedOnToolsVersion = 14.1;
						TestTargetID = 2A2C9AA32A5C614C0021DD33;
					};
					2A2C9ADE2A5C61730021DD33 = {
						CreatedOnToolsVersion = 14.1;
					};
				};
			};
			buildConfigurationList = 2A2C9A9F2A5C614C0021DD33 /* Build configuration list for PBXProject "CustomKeyboard" */;
			compatibilityVersion = "Xcode 14.0";
			developmentRegion = en;
			hasScannedForEncodings = 0;
			knownRegions = (
				en,
				Base,
			);
			mainGroup = 2A2C9A9B2A5C614C0021DD33;
			productRefGroup = 2A2C9AA52A5C614C0021DD33 /* Products */;
			projectDirPath = "";
			projectRoot = "";
			targets = (
				2A2C9AA32A5C614C0021DD33 /* CustomKeyboard */,
				2A2C9ABC2A5C614D0021DD33 /* CustomKeyboardTests */,
				2A2C9AC62A5C614D0021DD33 /* CustomKeyboardUITests */,
				2A2C9ADE2A5C61730021DD33 /* KoreanKeyboard */,
			);
		};
/* End PBXProject section */

/* Begin PBXResourcesBuildPhase section */
		2A2C9AA22A5C614C0021DD33 /* Resources */ = {
			isa = PBXResourcesBuildPhase;
			buildActionMask = 2147483647;
			files = (
				2A2C9AB72A5C614D0021DD33 /* LaunchScreen.storyboard in Resources */,
				2A2C9AB42A5C614D0021DD33 /* Assets.xcassets in Resources */,
				2A2C9AAF2A5C614C0021DD33 /* Main.storyboard in Resources */,
			);
			runOnlyForDeploymentPostprocessing = 0;
		};
		2A2C9ABB2A5C614D0021DD33 /* Resources */ = {
			isa = PBXResourcesBuildPhase;
			buildActionMask = 2147483647;
			files = (
			);
			runOnlyForDeploymentPostprocessing = 0;
		};
		2A2C9AC52A5C614D0021DD33 /* Resources */ = {
			isa = PBXResourcesBuildPhase;
			buildActionMask = 2147483647;
			files = (
			);
			runOnlyForDeploymentPostprocessing = 0;
		};
		2A2C9ADD2A5C61730021DD33 /* Resources */ = {
			isa = PBXResourcesBuildPhase;
			buildActionMask = 2147483647;
			files = (
			);
			runOnlyForDeploymentPostprocessing = 0;
		};
/* End PBXResourcesBuildPhase section */

/* Begin PBXSourcesBuildPhase section */
		2A2C9AA02A5C614C0021DD33 /* Sources */ = {
			isa = PBXSourcesBuildPhase;
			buildActionMask = 2147483647;
			files = (
				2A2C9AAC2A5C614C0021DD33 /* ViewController.swift in Sources */,
				2A2C9AA82A5C614C0021DD33 /* AppDelegate.swift in Sources */,
				2A2C9AAA2A5C614C0021DD33 /* SceneDelegate.swift in Sources */,
				2A2C9AB22A5C614C0021DD33 /* CustomKeyboard.xcdatamodeld in Sources */,
			);
			runOnlyForDeploymentPostprocessing = 0;
		};
		2A2C9AB92A5C614D0021DD33 /* Sources */ = {
			isa = PBXSourcesBuildPhase;
			buildActionMask = 2147483647;
			files = (
				2A2C9AC22A5C614D0021DD33 /* CustomKeyboardTests.swift in Sources */,
			);
			runOnlyForDeploymentPostprocessing = 0;
		};
		2A2C9AC32A5C614D0021DD33 /* Sources */ = {
			isa = PBXSourcesBuildPhase;
			buildActionMask = 2147483647;
			files = (
				2A2C9ACE2A5C614D0021DD33 /* CustomKeyboardUITestsLaunchTests.swift in Sources */,
				2A2C9ACC2A5C614D0021DD33 /* CustomKeyboardUITests.swift in Sources */,
			);
			runOnlyForDeploymentPostprocessing = 0;
		};
		2A2C9ADB2A5C61730021DD33 /* Sources */ = {
			isa = PBXSourcesBuildPhase;
			buildActionMask = 2147483647;
			files = (
				2A2C9B502A5E67540021DD33 /* Size.swift in Sources */,
				2A2C9AF02A5C61D60021DD33 /* KeyboardView.swift in Sources */,
				2A2C9B5C2A607A9B0021DD33 /* FrequentlyUsedPhrasesButton.swift in Sources */,
				2A2C9B5A2A6075E20021DD33 /* ToolbarView.swift in Sources */,
				2A2C9B552A603CD60021DD33 /* PaddingView.swift in Sources */,
				2A2C9AE22A5C61730021DD33 /* KeyboardViewController.swift in Sources */,
				2A2C9AED2A5C618A0021DD33 /* KeyModel.swift in Sources */,
				2A2C9B5E2A607E2A0021DD33 /* FrequentlyUsedPhrasesView.swift in Sources */,
				2A2C9B532A5EA7D90021DD33 /* KeyButton.swift in Sources */,
			);
			runOnlyForDeploymentPostprocessing = 0;
		};
/* End PBXSourcesBuildPhase section */

/* Begin PBXTargetDependency section */
		2A2C9ABF2A5C614D0021DD33 /* PBXTargetDependency */ = {
			isa = PBXTargetDependency;
			target = 2A2C9AA32A5C614C0021DD33 /* CustomKeyboard */;
			targetProxy = 2A2C9ABE2A5C614D0021DD33 /* PBXContainerItemProxy */;
		};
		2A2C9AC92A5C614D0021DD33 /* PBXTargetDependency */ = {
			isa = PBXTargetDependency;
			target = 2A2C9AA32A5C614C0021DD33 /* CustomKeyboard */;
			targetProxy = 2A2C9AC82A5C614D0021DD33 /* PBXContainerItemProxy */;
		};
		2A2C9AE52A5C61730021DD33 /* PBXTargetDependency */ = {
			isa = PBXTargetDependency;
			target = 2A2C9ADE2A5C61730021DD33 /* KoreanKeyboard */;
			targetProxy = 2A2C9AE42A5C61730021DD33 /* PBXContainerItemProxy */;
		};
/* End PBXTargetDependency section */

/* Begin PBXVariantGroup section */
		2A2C9AAD2A5C614C0021DD33 /* Main.storyboard */ = {
			isa = PBXVariantGroup;
			children = (
				2A2C9AAE2A5C614C0021DD33 /* Base */,
			);
			name = Main.storyboard;
			sourceTree = "<group>";
		};
		2A2C9AB52A5C614D0021DD33 /* LaunchScreen.storyboard */ = {
			isa = PBXVariantGroup;
			children = (
				2A2C9AB62A5C614D0021DD33 /* Base */,
			);
			name = LaunchScreen.storyboard;
			sourceTree = "<group>";
		};
/* End PBXVariantGroup section */

/* Begin XCBuildConfiguration section */
		2A2C9ACF2A5C614D0021DD33 /* Debug */ = {
			isa = XCBuildConfiguration;
			buildSettings = {
				ALWAYS_SEARCH_USER_PATHS = NO;
				CLANG_ANALYZER_NONNULL = YES;
				CLANG_ANALYZER_NUMBER_OBJECT_CONVERSION = YES_AGGRESSIVE;
				CLANG_CXX_LANGUAGE_STANDARD = "gnu++20";
				CLANG_ENABLE_MODULES = YES;
				CLANG_ENABLE_OBJC_ARC = YES;
				CLANG_ENABLE_OBJC_WEAK = YES;
				CLANG_WARN_BLOCK_CAPTURE_AUTORELEASING = YES;
				CLANG_WARN_BOOL_CONVERSION = YES;
				CLANG_WARN_COMMA = YES;
				CLANG_WARN_CONSTANT_CONVERSION = YES;
				CLANG_WARN_DEPRECATED_OBJC_IMPLEMENTATIONS = YES;
				CLANG_WARN_DIRECT_OBJC_ISA_USAGE = YES_ERROR;
				CLANG_WARN_DOCUMENTATION_COMMENTS = YES;
				CLANG_WARN_EMPTY_BODY = YES;
				CLANG_WARN_ENUM_CONVERSION = YES;
				CLANG_WARN_INFINITE_RECURSION = YES;
				CLANG_WARN_INT_CONVERSION = YES;
				CLANG_WARN_NON_LITERAL_NULL_CONVERSION = YES;
				CLANG_WARN_OBJC_IMPLICIT_RETAIN_SELF = YES;
				CLANG_WARN_OBJC_LITERAL_CONVERSION = YES;
				CLANG_WARN_OBJC_ROOT_CLASS = YES_ERROR;
				CLANG_WARN_QUOTED_INCLUDE_IN_FRAMEWORK_HEADER = YES;
				CLANG_WARN_RANGE_LOOP_ANALYSIS = YES;
				CLANG_WARN_STRICT_PROTOTYPES = YES;
				CLANG_WARN_SUSPICIOUS_MOVE = YES;
				CLANG_WARN_UNGUARDED_AVAILABILITY = YES_AGGRESSIVE;
				CLANG_WARN_UNREACHABLE_CODE = YES;
				CLANG_WARN__DUPLICATE_METHOD_MATCH = YES;
				COPY_PHASE_STRIP = NO;
				DEBUG_INFORMATION_FORMAT = dwarf;
				ENABLE_STRICT_OBJC_MSGSEND = YES;
				ENABLE_TESTABILITY = YES;
				GCC_C_LANGUAGE_STANDARD = gnu11;
				GCC_DYNAMIC_NO_PIC = NO;
				GCC_NO_COMMON_BLOCKS = YES;
				GCC_OPTIMIZATION_LEVEL = 0;
				GCC_PREPROCESSOR_DEFINITIONS = (
					"DEBUG=1",
					"$(inherited)",
				);
				GCC_WARN_64_TO_32_BIT_CONVERSION = YES;
				GCC_WARN_ABOUT_RETURN_TYPE = YES_ERROR;
				GCC_WARN_UNDECLARED_SELECTOR = YES;
				GCC_WARN_UNINITIALIZED_AUTOS = YES_AGGRESSIVE;
				GCC_WARN_UNUSED_FUNCTION = YES;
				GCC_WARN_UNUSED_VARIABLE = YES;
				IPHONEOS_DEPLOYMENT_TARGET = 16.1;
				MTL_ENABLE_DEBUG_INFO = INCLUDE_SOURCE;
				MTL_FAST_MATH = YES;
				ONLY_ACTIVE_ARCH = YES;
				SDKROOT = iphoneos;
				SWIFT_ACTIVE_COMPILATION_CONDITIONS = DEBUG;
				SWIFT_OPTIMIZATION_LEVEL = "-Onone";
			};
			name = Debug;
		};
		2A2C9AD02A5C614D0021DD33 /* Release */ = {
			isa = XCBuildConfiguration;
			buildSettings = {
				ALWAYS_SEARCH_USER_PATHS = NO;
				CLANG_ANALYZER_NONNULL = YES;
				CLANG_ANALYZER_NUMBER_OBJECT_CONVERSION = YES_AGGRESSIVE;
				CLANG_CXX_LANGUAGE_STANDARD = "gnu++20";
				CLANG_ENABLE_MODULES = YES;
				CLANG_ENABLE_OBJC_ARC = YES;
				CLANG_ENABLE_OBJC_WEAK = YES;
				CLANG_WARN_BLOCK_CAPTURE_AUTORELEASING = YES;
				CLANG_WARN_BOOL_CONVERSION = YES;
				CLANG_WARN_COMMA = YES;
				CLANG_WARN_CONSTANT_CONVERSION = YES;
				CLANG_WARN_DEPRECATED_OBJC_IMPLEMENTATIONS = YES;
				CLANG_WARN_DIRECT_OBJC_ISA_USAGE = YES_ERROR;
				CLANG_WARN_DOCUMENTATION_COMMENTS = YES;
				CLANG_WARN_EMPTY_BODY = YES;
				CLANG_WARN_ENUM_CONVERSION = YES;
				CLANG_WARN_INFINITE_RECURSION = YES;
				CLANG_WARN_INT_CONVERSION = YES;
				CLANG_WARN_NON_LITERAL_NULL_CONVERSION = YES;
				CLANG_WARN_OBJC_IMPLICIT_RETAIN_SELF = YES;
				CLANG_WARN_OBJC_LITERAL_CONVERSION = YES;
				CLANG_WARN_OBJC_ROOT_CLASS = YES_ERROR;
				CLANG_WARN_QUOTED_INCLUDE_IN_FRAMEWORK_HEADER = YES;
				CLANG_WARN_RANGE_LOOP_ANALYSIS = YES;
				CLANG_WARN_STRICT_PROTOTYPES = YES;
				CLANG_WARN_SUSPICIOUS_MOVE = YES;
				CLANG_WARN_UNGUARDED_AVAILABILITY = YES_AGGRESSIVE;
				CLANG_WARN_UNREACHABLE_CODE = YES;
				CLANG_WARN__DUPLICATE_METHOD_MATCH = YES;
				COPY_PHASE_STRIP = NO;
				DEBUG_INFORMATION_FORMAT = "dwarf-with-dsym";
				ENABLE_NS_ASSERTIONS = NO;
				ENABLE_STRICT_OBJC_MSGSEND = YES;
				GCC_C_LANGUAGE_STANDARD = gnu11;
				GCC_NO_COMMON_BLOCKS = YES;
				GCC_WARN_64_TO_32_BIT_CONVERSION = YES;
				GCC_WARN_ABOUT_RETURN_TYPE = YES_ERROR;
				GCC_WARN_UNDECLARED_SELECTOR = YES;
				GCC_WARN_UNINITIALIZED_AUTOS = YES_AGGRESSIVE;
				GCC_WARN_UNUSED_FUNCTION = YES;
				GCC_WARN_UNUSED_VARIABLE = YES;
				IPHONEOS_DEPLOYMENT_TARGET = 16.1;
				MTL_ENABLE_DEBUG_INFO = NO;
				MTL_FAST_MATH = YES;
				SDKROOT = iphoneos;
				SWIFT_COMPILATION_MODE = wholemodule;
				SWIFT_OPTIMIZATION_LEVEL = "-O";
				VALIDATE_PRODUCT = YES;
			};
			name = Release;
		};
		2A2C9AD22A5C614D0021DD33 /* Debug */ = {
			isa = XCBuildConfiguration;
			buildSettings = {
				ALWAYS_EMBED_SWIFT_STANDARD_LIBRARIES = YES;
				ASSETCATALOG_COMPILER_APPICON_NAME = AppIcon;
				ASSETCATALOG_COMPILER_GLOBAL_ACCENT_COLOR_NAME = AccentColor;
				CODE_SIGN_STYLE = Automatic;
				CURRENT_PROJECT_VERSION = 1;
				DEVELOPMENT_TEAM = 25YUTG4RN5;
				GENERATE_INFOPLIST_FILE = YES;
				INFOPLIST_FILE = CustomKeyboard/Info.plist;
				INFOPLIST_KEY_UIApplicationSupportsIndirectInputEvents = YES;
				INFOPLIST_KEY_UILaunchStoryboardName = LaunchScreen;
				INFOPLIST_KEY_UIMainStoryboardFile = Main;
				INFOPLIST_KEY_UISupportedInterfaceOrientations_iPad = "UIInterfaceOrientationPortrait UIInterfaceOrientationPortraitUpsideDown UIInterfaceOrientationLandscapeLeft UIInterfaceOrientationLandscapeRight";
				INFOPLIST_KEY_UISupportedInterfaceOrientations_iPhone = "UIInterfaceOrientationPortrait UIInterfaceOrientationLandscapeLeft UIInterfaceOrientationLandscapeRight";
				LD_RUNPATH_SEARCH_PATHS = (
					"$(inherited)",
					"@executable_path/Frameworks",
				);
				MARKETING_VERSION = 1.0;
				PRODUCT_BUNDLE_IDENTIFIER = Taek.CustomKeyboard;
				PRODUCT_NAME = "$(TARGET_NAME)";
				SWIFT_EMIT_LOC_STRINGS = YES;
				SWIFT_VERSION = 5.0;
				TARGETED_DEVICE_FAMILY = "1,2";
			};
			name = Debug;
		};
		2A2C9AD32A5C614D0021DD33 /* Release */ = {
			isa = XCBuildConfiguration;
			buildSettings = {
				ALWAYS_EMBED_SWIFT_STANDARD_LIBRARIES = YES;
				ASSETCATALOG_COMPILER_APPICON_NAME = AppIcon;
				ASSETCATALOG_COMPILER_GLOBAL_ACCENT_COLOR_NAME = AccentColor;
				CODE_SIGN_STYLE = Automatic;
				CURRENT_PROJECT_VERSION = 1;
				DEVELOPMENT_TEAM = 25YUTG4RN5;
				GENERATE_INFOPLIST_FILE = YES;
				INFOPLIST_FILE = CustomKeyboard/Info.plist;
				INFOPLIST_KEY_UIApplicationSupportsIndirectInputEvents = YES;
				INFOPLIST_KEY_UILaunchStoryboardName = LaunchScreen;
				INFOPLIST_KEY_UIMainStoryboardFile = Main;
				INFOPLIST_KEY_UISupportedInterfaceOrientations_iPad = "UIInterfaceOrientationPortrait UIInterfaceOrientationPortraitUpsideDown UIInterfaceOrientationLandscapeLeft UIInterfaceOrientationLandscapeRight";
				INFOPLIST_KEY_UISupportedInterfaceOrientations_iPhone = "UIInterfaceOrientationPortrait UIInterfaceOrientationLandscapeLeft UIInterfaceOrientationLandscapeRight";
				LD_RUNPATH_SEARCH_PATHS = (
					"$(inherited)",
					"@executable_path/Frameworks",
				);
				MARKETING_VERSION = 1.0;
				PRODUCT_BUNDLE_IDENTIFIER = Taek.CustomKeyboard;
				PRODUCT_NAME = "$(TARGET_NAME)";
				SWIFT_EMIT_LOC_STRINGS = YES;
				SWIFT_VERSION = 5.0;
				TARGETED_DEVICE_FAMILY = "1,2";
			};
			name = Release;
		};
		2A2C9AD52A5C614D0021DD33 /* Debug */ = {
			isa = XCBuildConfiguration;
			buildSettings = {
				ALWAYS_EMBED_SWIFT_STANDARD_LIBRARIES = YES;
				BUNDLE_LOADER = "$(TEST_HOST)";
				CODE_SIGN_STYLE = Automatic;
				CURRENT_PROJECT_VERSION = 1;
				DEVELOPMENT_TEAM = 25YUTG4RN5;
				GENERATE_INFOPLIST_FILE = YES;
				IPHONEOS_DEPLOYMENT_TARGET = 16.1;
				MARKETING_VERSION = 1.0;
				PRODUCT_BUNDLE_IDENTIFIER = Taek.CustomKeyboardTests;
				PRODUCT_NAME = "$(TARGET_NAME)";
				SWIFT_EMIT_LOC_STRINGS = NO;
				SWIFT_VERSION = 5.0;
				TARGETED_DEVICE_FAMILY = "1,2";
				TEST_HOST = "$(BUILT_PRODUCTS_DIR)/CustomKeyboard.app/$(BUNDLE_EXECUTABLE_FOLDER_PATH)/CustomKeyboard";
			};
			name = Debug;
		};
		2A2C9AD62A5C614D0021DD33 /* Release */ = {
			isa = XCBuildConfiguration;
			buildSettings = {
				ALWAYS_EMBED_SWIFT_STANDARD_LIBRARIES = YES;
				BUNDLE_LOADER = "$(TEST_HOST)";
				CODE_SIGN_STYLE = Automatic;
				CURRENT_PROJECT_VERSION = 1;
				DEVELOPMENT_TEAM = 25YUTG4RN5;
				GENERATE_INFOPLIST_FILE = YES;
				IPHONEOS_DEPLOYMENT_TARGET = 16.1;
				MARKETING_VERSION = 1.0;
				PRODUCT_BUNDLE_IDENTIFIER = Taek.CustomKeyboardTests;
				PRODUCT_NAME = "$(TARGET_NAME)";
				SWIFT_EMIT_LOC_STRINGS = NO;
				SWIFT_VERSION = 5.0;
				TARGETED_DEVICE_FAMILY = "1,2";
				TEST_HOST = "$(BUILT_PRODUCTS_DIR)/CustomKeyboard.app/$(BUNDLE_EXECUTABLE_FOLDER_PATH)/CustomKeyboard";
			};
			name = Release;
		};
		2A2C9AD82A5C614D0021DD33 /* Debug */ = {
			isa = XCBuildConfiguration;
			buildSettings = {
				ALWAYS_EMBED_SWIFT_STANDARD_LIBRARIES = YES;
				CODE_SIGN_STYLE = Automatic;
				CURRENT_PROJECT_VERSION = 1;
				DEVELOPMENT_TEAM = 25YUTG4RN5;
				GENERATE_INFOPLIST_FILE = YES;
				MARKETING_VERSION = 1.0;
				PRODUCT_BUNDLE_IDENTIFIER = Taek.CustomKeyboardUITests;
				PRODUCT_NAME = "$(TARGET_NAME)";
				SWIFT_EMIT_LOC_STRINGS = NO;
				SWIFT_VERSION = 5.0;
				TARGETED_DEVICE_FAMILY = "1,2";
				TEST_TARGET_NAME = CustomKeyboard;
			};
			name = Debug;
		};
		2A2C9AD92A5C614D0021DD33 /* Release */ = {
			isa = XCBuildConfiguration;
			buildSettings = {
				ALWAYS_EMBED_SWIFT_STANDARD_LIBRARIES = YES;
				CODE_SIGN_STYLE = Automatic;
				CURRENT_PROJECT_VERSION = 1;
				DEVELOPMENT_TEAM = 25YUTG4RN5;
				GENERATE_INFOPLIST_FILE = YES;
				MARKETING_VERSION = 1.0;
				PRODUCT_BUNDLE_IDENTIFIER = Taek.CustomKeyboardUITests;
				PRODUCT_NAME = "$(TARGET_NAME)";
				SWIFT_EMIT_LOC_STRINGS = NO;
				SWIFT_VERSION = 5.0;
				TARGETED_DEVICE_FAMILY = "1,2";
				TEST_TARGET_NAME = CustomKeyboard;
			};
			name = Release;
		};
		2A2C9AE82A5C61730021DD33 /* Debug */ = {
			isa = XCBuildConfiguration;
			buildSettings = {
				CODE_SIGN_STYLE = Automatic;
				CURRENT_PROJECT_VERSION = 1;
				DEVELOPMENT_TEAM = 25YUTG4RN5;
				GENERATE_INFOPLIST_FILE = YES;
				INFOPLIST_FILE = KoreanKeyboard/Info.plist;
				INFOPLIST_KEY_CFBundleDisplayName = KoreanKeyboard;
				INFOPLIST_KEY_NSHumanReadableCopyright = "";
				LD_RUNPATH_SEARCH_PATHS = (
					"$(inherited)",
					"@executable_path/Frameworks",
					"@executable_path/../../Frameworks",
				);
				MARKETING_VERSION = 1.0;
				PRODUCT_BUNDLE_IDENTIFIER = Taek.CustomKeyboard.KoreanKeyboard;
				PRODUCT_NAME = "$(TARGET_NAME)";
				SKIP_INSTALL = YES;
				SWIFT_EMIT_LOC_STRINGS = YES;
				SWIFT_VERSION = 5.0;
				TARGETED_DEVICE_FAMILY = "1,2";
			};
			name = Debug;
		};
		2A2C9AE92A5C61730021DD33 /* Release */ = {
			isa = XCBuildConfiguration;
			buildSettings = {
				CODE_SIGN_STYLE = Automatic;
				CURRENT_PROJECT_VERSION = 1;
				DEVELOPMENT_TEAM = 25YUTG4RN5;
				GENERATE_INFOPLIST_FILE = YES;
				INFOPLIST_FILE = KoreanKeyboard/Info.plist;
				INFOPLIST_KEY_CFBundleDisplayName = KoreanKeyboard;
				INFOPLIST_KEY_NSHumanReadableCopyright = "";
				LD_RUNPATH_SEARCH_PATHS = (
					"$(inherited)",
					"@executable_path/Frameworks",
					"@executable_path/../../Frameworks",
				);
				MARKETING_VERSION = 1.0;
				PRODUCT_BUNDLE_IDENTIFIER = Taek.CustomKeyboard.KoreanKeyboard;
				PRODUCT_NAME = "$(TARGET_NAME)";
				SKIP_INSTALL = YES;
				SWIFT_EMIT_LOC_STRINGS = YES;
				SWIFT_VERSION = 5.0;
				TARGETED_DEVICE_FAMILY = "1,2";
			};
			name = Release;
		};
/* End XCBuildConfiguration section */

/* Begin XCConfigurationList section */
		2A2C9A9F2A5C614C0021DD33 /* Build configuration list for PBXProject "CustomKeyboard" */ = {
			isa = XCConfigurationList;
			buildConfigurations = (
				2A2C9ACF2A5C614D0021DD33 /* Debug */,
				2A2C9AD02A5C614D0021DD33 /* Release */,
			);
			defaultConfigurationIsVisible = 0;
			defaultConfigurationName = Release;
		};
		2A2C9AD12A5C614D0021DD33 /* Build configuration list for PBXNativeTarget "CustomKeyboard" */ = {
			isa = XCConfigurationList;
			buildConfigurations = (
				2A2C9AD22A5C614D0021DD33 /* Debug */,
				2A2C9AD32A5C614D0021DD33 /* Release */,
			);
			defaultConfigurationIsVisible = 0;
			defaultConfigurationName = Release;
		};
		2A2C9AD42A5C614D0021DD33 /* Build configuration list for PBXNativeTarget "CustomKeyboardTests" */ = {
			isa = XCConfigurationList;
			buildConfigurations = (
				2A2C9AD52A5C614D0021DD33 /* Debug */,
				2A2C9AD62A5C614D0021DD33 /* Release */,
			);
			defaultConfigurationIsVisible = 0;
			defaultConfigurationName = Release;
		};
		2A2C9AD72A5C614D0021DD33 /* Build configuration list for PBXNativeTarget "CustomKeyboardUITests" */ = {
			isa = XCConfigurationList;
			buildConfigurations = (
				2A2C9AD82A5C614D0021DD33 /* Debug */,
				2A2C9AD92A5C614D0021DD33 /* Release */,
			);
			defaultConfigurationIsVisible = 0;
			defaultConfigurationName = Release;
		};
		2A2C9AE72A5C61730021DD33 /* Build configuration list for PBXNativeTarget "KoreanKeyboard" */ = {
			isa = XCConfigurationList;
			buildConfigurations = (
				2A2C9AE82A5C61730021DD33 /* Debug */,
				2A2C9AE92A5C61730021DD33 /* Release */,
			);
			defaultConfigurationIsVisible = 0;
			defaultConfigurationName = Release;
		};
/* End XCConfigurationList section */

/* Begin XCVersionGroup section */
		2A2C9AB02A5C614C0021DD33 /* CustomKeyboard.xcdatamodeld */ = {
			isa = XCVersionGroup;
			children = (
				2A2C9AB12A5C614C0021DD33 /* CustomKeyboard.xcdatamodel */,
			);
			currentVersion = 2A2C9AB12A5C614C0021DD33 /* CustomKeyboard.xcdatamodel */;
			path = CustomKeyboard.xcdatamodeld;
			sourceTree = "<group>";
			versionGroupType = wrapper.xcdatamodel;
		};
/* End XCVersionGroup section */
	};
	rootObject = 2A2C9A9C2A5C614C0021DD33 /* Project object */;
}
